lockfileVersion: '6.0'

settings:
  autoInstallPeers: true
  excludeLinksFromLockfile: false

importers:

  .:
    dependencies:
      loadsh:
        specifier: ^0.0.4
        version: 0.0.4
      typescript:
        specifier: ^5.3.3
        version: 5.3.3
    devDependencies:
      hy-algokit:
        specifier: ^1.4.0
        version: 1.4.0

  packages/Hash:
    dependencies:
      shared:
        specifier: workspace:*
        version: link:../shared

  packages/Stack: {}

  packages/shared: {}

packages:

  /hy-algokit@1.4.0:
    resolution: {integrity: sha512-Eehnx7YS7VUzZsuntin9B2kolfIWYtPOsh922ZQ/ZUZxP1nUIWqIw2sna5lXpU5SzkOugeNdIDGN1sRnv3yeIw==}
    dev: true

  /loadsh@0.0.4:
    resolution: {integrity: sha512-U+wLL8InpfRalWrr+0SuhWgGt10M4OyAk6G8xCYo2rwpiHtxZkWiFpjei0vO463ghW8LPCdhqQxXlMy2qicAEw==}
    deprecated: This is a typosquat on the popular Lodash package. This is not maintained nor is the original Lodash package.
    dev: false
    bundledDependencies: false

  /typescript@5.3.3:
    resolution: {integrity: sha512-pXWcraxM0uxAS+tN0AG/BF2TyqmHO014Z070UsJ+pFvYuRSq8KH8DmWpnbXe0pEPDHXZV3FcAbJkijJ5oNEnWw==}
    engines: {node: '>=14.17'}
    hasBin: true
    dev: false
